
Microsoft Visual Studio Solution File, Format Version 12.00
# Visual Studio Version 16
VisualStudioVersion = 16.0.31613.86
MinimumVisualStudioVersion = 10.0.40219.1
Project("{FAE04EC0-301F-11D3-BF4B-00C04F79EFBC}") = "CampusLife", "CampusLife\CampusLife.csproj", "{A404E5E7-CDDC-45E1-951A-E3F4952E8CF8}"
EndProject
Global
	GlobalSection(SolutionConfigurationPlatforms) = preSolution
		Debug|Any CPU = Debug|Any CPU
		Release|Any CPU = Release|Any CPU
	EndGlobalSection
	GlobalSection(ProjectConfigurationPlatforms) = postSolution
		{A404E5E7-CDDC-45E1-951A-E3F4952E8CF8}.Debug|Any CPU.ActiveCfg = Debug|Any CPU
		{A404E5E7-CDDC-45E1-951A-E3F4952E8CF8}.Debug|Any CPU.Build.0 = Debug|Any CPU
		{A404E5E7-CDDC-45E1-951A-E3F4952E8CF8}.Release|Any CPU.ActiveCfg = Release|Any CPU
		{A404E5E7-CDDC-45E1-951A-E3F4952E8CF8}.Release|Any CPU.Build.0 = Release|Any CPU
	EndGlobalSection
	GlobalSection(SolutionProperties) = preSolution
		HideSolutionNode = FALSE
	EndGlobalSection
	GlobalSection(ExtensibilityGlobals) = postSolution
		SolutionGuid = {86D2E3EF-DA7F-47BF-93E3-857D97412ADB}
	EndGlobalSection
EndGlobal
